
Microsoft Visual Studio Solution File, Format Version 12.00
# Visual Studio Version 16
VisualStudioVersion = 25.0.1706.5
MinimumVisualStudioVersion = 10.0.40219.1
Project("{FAE04EC0-301F-11D3-BF4B-00C04F79EFBC}") = "Croissant_Rouge", "Croissant_Rouge.csproj", "{EE6670A6-B119-45EE-B483-26F89252CAC9}"
EndProject
Project("{FAE04EC0-301F-11D3-BF4B-00C04F79EFBC}") = "Croissant_Rouge.Utility", "..\Croissant_Rouge.Utility\Croissant_Rouge.Utility.csproj", "{969C453E-DF6D-456A-8690-677571F89750}"
EndProject
Global
	GlobalSection(SolutionConfigurationPlatforms) = preSolution
		Debug|Any CPU = Debug|Any CPU
		Release|Any CPU = Release|Any CPU
	EndGlobalSection
	GlobalSection(ProjectConfigurationPlatforms) = postSolution
		{EE6670A6-B119-45EE-B483-26F89252CAC9}.Debug|Any CPU.ActiveCfg = Debug|Any CPU
		{EE6670A6-B119-45EE-B483-26F89252CAC9}.Debug|Any CPU.Build.0 = Debug|Any CPU
		{EE6670A6-B119-45EE-B483-26F89252CAC9}.Release|Any CPU.ActiveCfg = Release|Any CPU
		{EE6670A6-B119-45EE-B483-26F89252CAC9}.Release|Any CPU.Build.0 = Release|Any CPU
		{969C453E-DF6D-456A-8690-677571F89750}.Debug|Any CPU.ActiveCfg = Debug|Any CPU
		{969C453E-DF6D-456A-8690-677571F89750}.Debug|Any CPU.Build.0 = Debug|Any CPU
		{969C453E-DF6D-456A-8690-677571F89750}.Release|Any CPU.ActiveCfg = Release|Any CPU
		{969C453E-DF6D-456A-8690-677571F89750}.Release|Any CPU.Build.0 = Release|Any CPU
	EndGlobalSection
	GlobalSection(SolutionProperties) = preSolution
		HideSolutionNode = FALSE
	EndGlobalSection
	GlobalSection(ExtensibilityGlobals) = postSolution
		SolutionGuid = {C16C6FF7-0C8E-408D-BA3D-64F96B46A20A}
	EndGlobalSection
EndGlobal
